{
  "requires": true,
  "lockfileVersion": 1,
  "dependencies": {
    "ecsy": {
      "version": "0.4.2",
      "resolved": "https://registry.npmjs.org/ecsy/-/ecsy-0.4.2.tgz",
      "integrity": "sha512-dVKOkuz1IsRvS7GlHcWghUtMZzXr70h6b+SQEHlKy2RgsCRNDzdYr6a43Q6HafuquA/67YFZCQt8zqadq/jlLA=="
    },
    "p5": {
      "version": "1.4.2",
      "resolved": "https://registry.npmjs.org/p5/-/p5-1.4.2.tgz",
      "integrity": "sha512-J5zqZ/l1NIbJSuNr/FH9nDYgBRg7/NubStNPnx1fQCMSAgxI6peKDHs9i5iaG9EuwbJzjuG6/5bX/D0lqqrP9A=="
    }
  }
}
